
Microsoft Visual Studio Solution File, Format Version 12.00
# Visual Studio Version 16
VisualStudioVersion = 16.0.31019.35
MinimumVisualStudioVersion = 10.0.40219.1
Project("{9A19103F-16F7-4668-BE54-9A1E7A4F7556}") = "Q133689", "Q133689.csproj", "{8D6FAF8C-153A-48C7-BA94-37C3928BA462}"
EndProject
Global
	GlobalSection(SolutionConfigurationPlatforms) = preSolution
		Debug|Any CPU = Debug|Any CPU
		Release|Any CPU = Release|Any CPU
	EndGlobalSection
	GlobalSection(ProjectConfigurationPlatforms) = postSolution
		{8D6FAF8C-153A-48C7-BA94-37C3928BA462}.Debug|Any CPU.ActiveCfg = Debug|Any CPU
		{8D6FAF8C-153A-48C7-BA94-37C3928BA462}.Debug|Any CPU.Build.0 = Debug|Any CPU
		{8D6FAF8C-153A-48C7-BA94-37C3928BA462}.Release|Any CPU.ActiveCfg = Release|Any CPU
		{8D6FAF8C-153A-48C7-BA94-37C3928BA462}.Release|Any CPU.Build.0 = Release|Any CPU
	EndGlobalSection
	GlobalSection(SolutionProperties) = preSolution
		HideSolutionNode = FALSE
	EndGlobalSection
	GlobalSection(ExtensibilityGlobals) = postSolution
		SolutionGuid = {8FDB8807-4FBB-4A35-A737-82A5C18B07C4}
	EndGlobalSection
EndGlobal
