Microsoft Visual Studio Solution File, Format Version 12.00
# Visual Studio 15
VisualStudioVersion = 15.0.27130.2020
MinimumVisualStudioVersion = 15.0.26124.0
Project("{9A19103F-16F7-4668-BE54-9A1E7A4F7556}") = "Q102939", "Q102939.csproj", "{5F4746C3-2AAD-4FB5-A59C-3218C862DF5D}"
EndProject
Global
	GlobalSection(SolutionConfigurationPlatforms) = preSolution
		Debug|Any CPU = Debug|Any CPU
		Debug|x64 = Debug|x64
		Debug|x86 = Debug|x86
		Release|Any CPU = Release|Any CPU
		Release|x64 = Release|x64
		Release|x86 = Release|x86
	EndGlobalSection
	GlobalSection(ProjectConfigurationPlatforms) = postSolution
		{5F4746C3-2AAD-4FB5-A59C-3218C862DF5D}.Debug|Any CPU.ActiveCfg = Debug|Any CPU
		{5F4746C3-2AAD-4FB5-A59C-3218C862DF5D}.Debug|Any CPU.Build.0 = Debug|Any CPU
		{5F4746C3-2AAD-4FB5-A59C-3218C862DF5D}.Debug|x64.ActiveCfg = Debug|Any CPU
		{5F4746C3-2AAD-4FB5-A59C-3218C862DF5D}.Debug|x64.Build.0 = Debug|Any CPU
		{5F4746C3-2AAD-4FB5-A59C-3218C862DF5D}.Debug|x86.ActiveCfg = Debug|Any CPU
		{5F4746C3-2AAD-4FB5-A59C-3218C862DF5D}.Debug|x86.Build.0 = Debug|Any CPU
		{5F4746C3-2AAD-4FB5-A59C-3218C862DF5D}.Release|Any CPU.ActiveCfg = Release|Any CPU
		{5F4746C3-2AAD-4FB5-A59C-3218C862DF5D}.Release|Any CPU.Build.0 = Release|Any CPU
		{5F4746C3-2AAD-4FB5-A59C-3218C862DF5D}.Release|x64.ActiveCfg = Release|Any CPU
		{5F4746C3-2AAD-4FB5-A59C-3218C862DF5D}.Release|x64.Build.0 = Release|Any CPU
		{5F4746C3-2AAD-4FB5-A59C-3218C862DF5D}.Release|x86.ActiveCfg = Release|Any CPU
		{5F4746C3-2AAD-4FB5-A59C-3218C862DF5D}.Release|x86.Build.0 = Release|Any CPU
	EndGlobalSection
	GlobalSection(SolutionProperties) = preSolution
		HideSolutionNode = FALSE
	EndGlobalSection
	GlobalSection(ExtensibilityGlobals) = postSolution
		SolutionGuid = {BF7DF478-BA4D-421D-8416-B32F99AAFD89}
	EndGlobalSection
EndGlobal
